// !$*UTF8*$!
{
	archiveVersion = 1;
	classes = {
	};
	objectVersion = 50;
	objects = {

/* Begin PBXBuildFile section */
		738F1056232C9F3F0075E1C8 /* AppDelegate.swift in Sources */ = {isa = PBXBuildFile; fileRef = 738F1055232C9F3F0075E1C8 /* AppDelegate.swift */; };
		738F1058232C9F3F0075E1C8 /* ViewController.swift in Sources */ = {isa = PBXBuildFile; fileRef = 738F1057232C9F3F0075E1C8 /* ViewController.swift */; };
		738F105B232C9F3F0075E1C8 /* Main.storyboard in Resources */ = {isa = PBXBuildFile; fileRef = 738F1059232C9F3F0075E1C8 /* Main.storyboard */; };
		738F105E232C9F3F0075E1C8 /* AutoLayoutCon.xcdatamodeld in Sources */ = {isa = PBXBuildFile; fileRef = 738F105C232C9F3F0075E1C8 /* AutoLayoutCon.xcdatamodeld */; };
		738F1060232C9F3F0075E1C8 /* Assets.xcassets in Resources */ = {isa = PBXBuildFile; fileRef = 738F105F232C9F3F0075E1C8 /* Assets.xcassets */; };
		738F1063232C9F3F0075E1C8 /* LaunchScreen.storyboard in Resources */ = {isa = PBXBuildFile; fileRef = 738F1061232C9F3F0075E1C8 /* LaunchScreen.storyboard */; };
		738F106E232C9F3F0075E1C8 /* AutoLayoutConUITests.swift in Sources */ = {isa = PBXBuildFile; fileRef = 738F106D232C9F3F0075E1C8 /* AutoLayoutConUITests.swift */; };
		738F107B232CA1160075E1C8 /* IMG_0557.JPG in Resources */ = {isa = PBXBuildFile; fileRef = 738F107A232CA1160075E1C8 /* IMG_0557.JPG */; };
/* End PBXBuildFile section */

/* Begin PBXContainerItemProxy section */
		738F106A232C9F3F0075E1C8 /* PBXContainerItemProxy */ = {
			isa = PBXContainerItemProxy;
			containerPortal = 738F104A232C9F3F0075E1C8 /* Project object */;
			proxyType = 1;
			remoteGlobalIDString = 738F1051232C9F3F0075E1C8;
			remoteInfo = AutoLayoutCon;
		};
/* End PBXContainerItemProxy section */

/* Begin PBXFileReference section */
		738F1052232C9F3F0075E1C8 /* AutoLayoutCon.app */ = {isa = PBXFileReference; explicitFileType = wrapper.application; includeInIndex = 0; path = AutoLayoutCon.app; sourceTree = BUILT_PRODUCTS_DIR; };
		738F1055232C9F3F0075E1C8 /* AppDelegate.swift */ = {isa = PBXFileReference; lastKnownFileType = sourcecode.swift; path = AppDelegate.swift; sourceTree = "<group>"; };
		738F1057232C9F3F0075E1C8 /* ViewController.swift */ = {isa = PBXFileReference; lastKnownFileType = sourcecode.swift; path = ViewController.swift; sourceTree = "<group>"; };
		738F105A232C9F3F0075E1C8 /* Base */ = {isa = PBXFileReference; lastKnownFileType = file.storyboard; name = Base; path = Base.lproj/Main.storyboard; sourceTree = "<group>"; };
		738F105D232C9F3F0075E1C8 /* AutoLayoutCon.xcdatamodel */ = {isa = PBXFileReference; lastKnownFileType = wrapper.xcdatamodel; path = AutoLayoutCon.xcdatamodel; sourceTree = "<group>"; };
		738F105F232C9F3F0075E1C8 /* Assets.xcassets */ = {isa = PBXFileReference; lastKnownFileType = folder.assetcatalog; path = Assets.xcassets; sourceTree = "<group>"; };
		738F1062232C9F3F0075E1C8 /* Base */ = {isa = PBXFileReference; lastKnownFileType = file.storyboard; name = Base; path = Base.lproj/LaunchScreen.storyboard; sourceTree = "<group>"; };
		738F1064232C9F3F0075E1C8 /* Info.plist */ = {isa = PBXFileReference; lastKnownFileType = text.plist.xml; path = Info.plist; sourceTree = "<group>"; };
		738F1069232C9F3F0075E1C8 /* AutoLayoutConUITests.xctest */ = {isa = PBXFileReference; explicitFileType = wrapper.cfbundle; includeInIndex = 0; path = AutoLayoutConUITests.xctest; sourceTree = BUILT_PRODUCTS_DIR; };
		738F106D232C9F3F0075E1C8 /* AutoLayoutConUITests.swift */ = {isa = PBXFileReference; lastKnownFileType = sourcecode.swift; path = AutoLayoutConUITests.swift; sourceTree = "<group>"; };
		738F106F232C9F3F0075E1C8 /* Info.plist */ = {isa = PBXFileReference; lastKnownFileType = text.plist.xml; path = Info.plist; sourceTree = "<group>"; };
		738F107A232CA1160075E1C8 /* IMG_0557.JPG */ = {isa = PBXFileReference; lastKnownFileType = image.jpeg; path = IMG_0557.JPG; sourceTree = "<group>"; };
/* End PBXFileReference section */

/* Begin PBXFrameworksBuildPhase section */
		738F104F232C9F3F0075E1C8 /* Frameworks */ = {
			isa = PBXFrameworksBuildPhase;
			buildActionMask = 2147483647;
			files = (
			);
			runOnlyForDeploymentPostprocessing = 0;
		};
		738F1066232C9F3F0075E1C8 /* Frameworks */ = {
			isa = PBXFrameworksBuildPhase;
			buildActionMask = 2147483647;
			files = (
			);
			runOnlyForDeploymentPostprocessing = 0;
		};
/* End PBXFrameworksBuildPhase section */

/* Begin PBXGroup section */
		738F1049232C9F3F0075E1C8 = {
			isa = PBXGroup;
			children = (
				738F1054232C9F3F0075E1C8 /* AutoLayoutCon */,
				738F106C232C9F3F0075E1C8 /* AutoLayoutConUITests */,
				738F1053232C9F3F0075E1C8 /* Products */,
			);
			sourceTree = "<group>";
		};
		738F1053232C9F3F0075E1C8 /* Products */ = {
			isa = PBXGroup;
			children = (
				738F1052232C9F3F0075E1C8 /* AutoLayoutCon.app */,
				738F1069232C9F3F0075E1C8 /* AutoLayoutConUITests.xctest */,
			);
			name = Products;
			sourceTree = "<group>";
		};
		738F1054232C9F3F0075E1C8 /* AutoLayoutCon */ = {
			isa = PBXGroup;
			children = (
				738F107A232CA1160075E1C8 /* IMG_0557.JPG */,
				738F1055232C9F3F0075E1C8 /* AppDelegate.swift */,
				738F1057232C9F3F0075E1C8 /* ViewController.swift */,
				738F1059232C9F3F0075E1C8 /* Main.storyboard */,
				738F105F232C9F3F0075E1C8 /* Assets.xcassets */,
				738F1061232C9F3F0075E1C8 /* LaunchScreen.storyboard */,
				738F1064232C9F3F0075E1C8 /* Info.plist */,
				738F105C232C9F3F0075E1C8 /* AutoLayoutCon.xcdatamodeld */,
			);
			path = AutoLayoutCon;
			sourceTree = "<group>";
		};
		738F106C232C9F3F0075E1C8 /* AutoLayoutConUITests */ = {
			isa = PBXGroup;
			children = (
				738F106D232C9F3F0075E1C8 /* AutoLayoutConUITests.swift */,
				738F106F232C9F3F0075E1C8 /* Info.plist */,
			);
			path = AutoLayoutConUITests;
			sourceTree = "<group>";
		};
/* End PBXGroup section */

/* Begin PBXNativeTarget section */
		738F1051232C9F3F0075E1C8 /* AutoLayoutCon */ = {
			isa = PBXNativeTarget;
			buildConfigurationList = 738F1072232C9F3F0075E1C8 /* Build configuration list for PBXNativeTarget "AutoLayoutCon" */;
			buildPhases = (
				738F104E232C9F3F0075E1C8 /* Sources */,
				738F104F232C9F3F0075E1C8 /* Frameworks */,
				738F1050232C9F3F0075E1C8 /* Resources */,
			);
			buildRules = (
			);
			dependencies = (
			);
			name = AutoLayoutCon;
			productName = AutoLayoutCon;
			productReference = 738F1052232C9F3F0075E1C8 /* AutoLayoutCon.app */;
			productType = "com.apple.product-type.application";
		};
		738F1068232C9F3F0075E1C8 /* AutoLayoutConUITests */ = {
			isa = PBXNativeTarget;
			buildConfigurationList = 738F1075232C9F3F0075E1C8 /* Build configuration list for PBXNativeTarget "AutoLayoutConUITests" */;
			buildPhases = (
				738F1065232C9F3F0075E1C8 /* Sources */,
				738F1066232C9F3F0075E1C8 /* Frameworks */,
				738F1067232C9F3F0075E1C8 /* Resources */,
			);
			buildRules = (
			);
			dependencies = (
				738F106B232C9F3F0075E1C8 /* PBXTargetDependency */,
			);
			name = AutoLayoutConUITests;
			productName = AutoLayoutConUITests;
			productReference = 738F1069232C9F3F0075E1C8 /* AutoLayoutConUITests.xctest */;
			productType = "com.apple.product-type.bundle.ui-testing";
		};
/* End PBXNativeTarget section */

/* Begin PBXProject section */
		738F104A232C9F3F0075E1C8 /* Project object */ = {
			isa = PBXProject;
			attributes = {
				LastSwiftUpdateCheck = 1030;
				LastUpgradeCheck = 1030;
				ORGANIZATIONNAME = "Cassidy Pelchat";
				TargetAttributes = {
					738F1051232C9F3F0075E1C8 = {
						CreatedOnToolsVersion = 10.3;
					};
					738F1068232C9F3F0075E1C8 = {
						CreatedOnToolsVersion = 10.3;
						TestTargetID = 738F1051232C9F3F0075E1C8;
					};
				};
			};
			buildConfigurationList = 738F104D232C9F3F0075E1C8 /* Build configuration list for PBXProject "AutoLayoutCon" */;
			compatibilityVersion = "Xcode 9.3";
			developmentRegion = en;
			hasScannedForEncodings = 0;
			knownRegions = (
				en,
				Base,
			);
			mainGroup = 738F1049232C9F3F0075E1C8;
			productRefGroup = 738F1053232C9F3F0075E1C8 /* Products */;
			projectDirPath = "";
			projectRoot = "";
			targets = (
				738F1051232C9F3F0075E1C8 /* AutoLayoutCon */,
				738F1068232C9F3F0075E1C8 /* AutoLayoutConUITests */,
			);
		};
/* End PBXProject section */

/* Begin PBXResourcesBuildPhase section */
		738F1050232C9F3F0075E1C8 /* Resources */ = {
			isa = PBXResourcesBuildPhase;
			buildActionMask = 2147483647;
			files = (
				738F107B232CA1160075E1C8 /* IMG_0557.JPG in Resources */,
				738F1063232C9F3F0075E1C8 /* LaunchScreen.storyboard in Resources */,
				738F1060232C9F3F0075E1C8 /* Assets.xcassets in Resources */,
				738F105B232C9F3F0075E1C8 /* Main.storyboard in Resources */,
			);
			runOnlyForDeploymentPostprocessing = 0;
		};
		738F1067232C9F3F0075E1C8 /* Resources */ = {
			isa = PBXResourcesBuildPhase;
			buildActionMask = 2147483647;
			files = (
			);
			runOnlyForDeploymentPostprocessing = 0;
		};
/* End PBXResourcesBuildPhase section */

/* Begin PBXSourcesBuildPhase section */
		738F104E232C9F3F0075E1C8 /* Sources */ = {
			isa = PBXSourcesBuildPhase;
			buildActionMask = 2147483647;
			files = (
				738F1058232C9F3F0075E1C8 /* ViewController.swift in Sources */,
				738F1056232C9F3F0075E1C8 /* AppDelegate.swift in Sources */,
				738F105E232C9F3F0075E1C8 /* AutoLayoutCon.xcdatamodeld in Sources */,
			);
			runOnlyForDeploymentPostprocessing = 0;
		};
		738F1065232C9F3F0075E1C8 /* Sources */ = {
			isa = PBXSourcesBuildPhase;
			buildActionMask = 2147483647;
			files = (
				738F106E232C9F3F0075E1C8 /* AutoLayoutConUITests.swift in Sources */,
			);
			runOnlyForDeploymentPostprocessing = 0;
		};
/* End PBXSourcesBuildPhase section */

/* Begin PBXTargetDependency section */
		738F106B232C9F3F0075E1C8 /* PBXTargetDependency */ = {
			isa = PBXTargetDependency;
			target = 738F1051232C9F3F0075E1C8 /* AutoLayoutCon */;
			targetProxy = 738F106A232C9F3F0075E1C8 /* PBXContainerItemProxy */;
		};
/* End PBXTargetDependency section */

/* Begin PBXVariantGroup section */
		738F1059232C9F3F0075E1C8 /* Main.storyboard */ = {
			isa = PBXVariantGroup;
			children = (
				738F105A232C9F3F0075E1C8 /* Base */,
			);
			name = Main.storyboard;
			sourceTree = "<group>";
		};
		738F1061232C9F3F0075E1C8 /* LaunchScreen.storyboard */ = {
			isa = PBXVariantGroup;
			children = (
				738F1062232C9F3F0075E1C8 /* Base */,
			);
			name = LaunchScreen.storyboard;
			sourceTree = "<group>";
		};
/* End PBXVariantGroup section */

/* Begin XCBuildConfiguration section */
		738F1070232C9F3F0075E1C8 /* Debug */ = {
			isa = XCBuildConfiguration;
			buildSettings = {
				ALWAYS_SEARCH_USER_PATHS = NO;
				CLANG_ANALYZER_NONNULL = YES;
				CLANG_ANALYZER_NUMBER_OBJECT_CONVERSION = YES_AGGRESSIVE;
				CLANG_CXX_LANGUAGE_STANDARD = "gnu++14";
				CLANG_CXX_LIBRARY = "libc++";
				CLANG_ENABLE_MODULES = YES;
				CLANG_ENABLE_OBJC_ARC = YES;
				CLANG_ENABLE_OBJC_WEAK = YES;
				CLANG_WARN_BLOCK_CAPTURE_AUTORELEASING = YES;
				CLANG_WARN_BOOL_CONVERSION = YES;
				CLANG_WARN_COMMA = YES;
				CLANG_WARN_CONSTANT_CONVERSION = YES;
				CLANG_WARN_DEPRECATED_OBJC_IMPLEMENTATIONS = YES;
				CLANG_WARN_DIRECT_OBJC_ISA_USAGE = YES_ERROR;
				CLANG_WARN_DOCUMENTATION_COMMENTS = YES;
				CLANG_WARN_EMPTY_BODY = YES;
				CLANG_WARN_ENUM_CONVERSION = YES;
				CLANG_WARN_INFINITE_RECURSION = YES;
				CLANG_WARN_INT_CONVERSION = YES;
				CLANG_WARN_NON_LITERAL_NULL_CONVERSION = YES;
				CLANG_WARN_OBJC_IMPLICIT_RETAIN_SELF = YES;
				CLANG_WARN_OBJC_LITERAL_CONVERSION = YES;
				CLANG_WARN_OBJC_ROOT_CLASS = YES_ERROR;
				CLANG_WARN_RANGE_LOOP_ANALYSIS = YES;
				CLANG_WARN_STRICT_PROTOTYPES = YES;
				CLANG_WARN_SUSPICIOUS_MOVE = YES;
				CLANG_WARN_UNGUARDED_AVAILABILITY = YES_AGGRESSIVE;
				CLANG_WARN_UNREACHABLE_CODE = YES;
				CLANG_WARN__DUPLICATE_METHOD_MATCH = YES;
				CODE_SIGN_IDENTITY = "iPhone Developer";
				COPY_PHASE_STRIP = NO;
				DEBUG_INFORMATION_FORMAT = dwarf;
				ENABLE_STRICT_OBJC_MSGSEND = YES;
				ENABLE_TESTABILITY = YES;
				GCC_C_LANGUAGE_STANDARD = gnu11;
				GCC_DYNAMIC_NO_PIC = NO;
				GCC_NO_COMMON_BLOCKS = YES;
				GCC_OPTIMIZATION_LEVEL = 0;
				GCC_PREPROCESSOR_DEFINITIONS = (
					"DEBUG=1",
					"$(inherited)",
				);
				GCC_WARN_64_TO_32_BIT_CONVERSION = YES;
				GCC_WARN_ABOUT_RETURN_TYPE = YES_ERROR;
				GCC_WARN_UNDECLARED_SELECTOR = YES;
				GCC_WARN_UNINITIALIZED_AUTOS = YES_AGGRESSIVE;
				GCC_WARN_UNUSED_FUNCTION = YES;
				GCC_WARN_UNUSED_VARIABLE = YES;
				IPHONEOS_DEPLOYMENT_TARGET = 12.4;
				MTL_ENABLE_DEBUG_INFO = INCLUDE_SOURCE;
				MTL_FAST_MATH = YES;
				ONLY_ACTIVE_ARCH = YES;
				SDKROOT = iphoneos;
				SWIFT_ACTIVE_COMPILATION_CONDITIONS = DEBUG;
				SWIFT_OPTIMIZATION_LEVEL = "-Onone";
			};
			name = Debug;
		};
		738F1071232C9F3F0075E1C8 /* Release */ = {
			isa = XCBuildConfiguration;
			buildSettings = {
				ALWAYS_SEARCH_USER_PATHS = NO;
				CLANG_ANALYZER_NONNULL = YES;
				CLANG_ANALYZER_NUMBER_OBJECT_CONVERSION = YES_AGGRESSIVE;
				CLANG_CXX_LANGUAGE_STANDARD = "gnu++14";
				CLANG_CXX_LIBRARY = "libc++";
				CLANG_ENABLE_MODULES = YES;
				CLANG_ENABLE_OBJC_ARC = YES;
				CLANG_ENABLE_OBJC_WEAK = YES;
				CLANG_WARN_BLOCK_CAPTURE_AUTORELEASING = YES;
				CLANG_WARN_BOOL_CONVERSION = YES;
				CLANG_WARN_COMMA = YES;
				CLANG_WARN_CONSTANT_CONVERSION = YES;
				CLANG_WARN_DEPRECATED_OBJC_IMPLEMENTATIONS = YES;
				CLANG_WARN_DIRECT_OBJC_ISA_USAGE = YES_ERROR;
				CLANG_WARN_DOCUMENTATION_COMMENTS = YES;
				CLANG_WARN_EMPTY_BODY = YES;
				CLANG_WARN_ENUM_CONVERSION = YES;
				CLANG_WARN_INFINITE_RECURSION = YES;
				CLANG_WARN_INT_CONVERSION = YES;
				CLANG_WARN_NON_LITERAL_NULL_CONVERSION = YES;
				CLANG_WARN_OBJC_IMPLICIT_RETAIN_SELF = YES;
				CLANG_WARN_OBJC_LITERAL_CONVERSION = YES;
				CLANG_WARN_OBJC_ROOT_CLASS = YES_ERROR;
				CLANG_WARN_RANGE_LOOP_ANALYSIS = YES;
				CLANG_WARN_STRICT_PROTOTYPES = YES;
				CLANG_WARN_SUSPICIOUS_MOVE = YES;
				CLANG_WARN_UNGUARDED_AVAILABILITY = YES_AGGRESSIVE;
				CLANG_WARN_UNREACHABLE_CODE = YES;
				CLANG_WARN__DUPLICATE_METHOD_MATCH = YES;
				CODE_SIGN_IDENTITY = "iPhone Developer";
				COPY_PHASE_STRIP = NO;
				DEBUG_INFORMATION_FORMAT = "dwarf-with-dsym";
				ENABLE_NS_ASSERTIONS = NO;
				ENABLE_STRICT_OBJC_MSGSEND = YES;
				GCC_C_LANGUAGE_STANDARD = gnu11;
				GCC_NO_COMMON_BLOCKS = YES;
				GCC_WARN_64_TO_32_BIT_CONVERSION = YES;
				GCC_WARN_ABOUT_RETURN_TYPE = YES_ERROR;
				GCC_WARN_UNDECLARED_SELECTOR = YES;
				GCC_WARN_UNINITIALIZED_AUTOS = YES_AGGRESSIVE;
				GCC_WARN_UNUSED_FUNCTION = YES;
				GCC_WARN_UNUSED_VARIABLE = YES;
				IPHONEOS_DEPLOYMENT_TARGET = 12.4;
				MTL_ENABLE_DEBUG_INFO = NO;
				MTL_FAST_MATH = YES;
				SDKROOT = iphoneos;
				SWIFT_COMPILATION_MODE = wholemodule;
				SWIFT_OPTIMIZATION_LEVEL = "-O";
				VALIDATE_PRODUCT = YES;
			};
			name = Release;
		};
		738F1073232C9F3F0075E1C8 /* Debug */ = {
			isa = XCBuildConfiguration;
			buildSettings = {
				ASSETCATALOG_COMPILER_APPICON_NAME = AppIcon;
				CODE_SIGN_STYLE = Automatic;
				INFOPLIST_FILE = AutoLayoutCon/Info.plist;
				LD_RUNPATH_SEARCH_PATHS = (
					"$(inherited)",
					"@executable_path/Frameworks",
				);
				PRODUCT_BUNDLE_IDENTIFIER = edu.missouri.AutoLayoutCon;
				PRODUCT_NAME = "$(TARGET_NAME)";
				SWIFT_VERSION = 5.0;
				TARGETED_DEVICE_FAMILY = "1,2";
			};
			name = Debug;
		};
		738F1074232C9F3F0075E1C8 /* Release */ = {
			isa = XCBuildConfiguration;
			buildSettings = {
				ASSETCATALOG_COMPILER_APPICON_NAME = AppIcon;
				CODE_SIGN_STYLE = Automatic;
				INFOPLIST_FILE = AutoLayoutCon/Info.plist;
				LD_RUNPATH_SEARCH_PATHS = (
					"$(inherited)",
					"@executable_path/Frameworks",
				);
				PRODUCT_BUNDLE_IDENTIFIER = edu.missouri.AutoLayoutCon;
				PRODUCT_NAME = "$(TARGET_NAME)";
				SWIFT_VERSION = 5.0;
				TARGETED_DEVICE_FAMILY = "1,2";
			};
			name = Release;
		};
		738F1076232C9F3F0075E1C8 /* Debug */ = {
			isa = XCBuildConfiguration;
			buildSettings = {
				ALWAYS_EMBED_SWIFT_STANDARD_LIBRARIES = YES;
				CODE_SIGN_STYLE = Automatic;
				INFOPLIST_FILE = AutoLayoutConUITests/Info.plist;
				LD_RUNPATH_SEARCH_PATHS = (
					"$(inherited)",
					"@executable_path/Frameworks",
					"@loader_path/Frameworks",
				);
				PRODUCT_BUNDLE_IDENTIFIER = edu.missouri.AutoLayoutConUITests;
				PRODUCT_NAME = "$(TARGET_NAME)";
				SWIFT_VERSION = 5.0;
				TARGETED_DEVICE_FAMILY = "1,2";
				TEST_TARGET_NAME = AutoLayoutCon;
			};
			name = Debug;
		};
		738F1077232C9F3F0075E1C8 /* Release */ = {
			isa = XCBuildConfiguration;
			buildSettings = {
				ALWAYS_EMBED_SWIFT_STANDARD_LIBRARIES = YES;
				CODE_SIGN_STYLE = Automatic;
				INFOPLIST_FILE = AutoLayoutConUITests/Info.plist;
				LD_RUNPATH_SEARCH_PATHS = (
					"$(inherited)",
					"@executable_path/Frameworks",
					"@loader_path/Frameworks",
				);
				PRODUCT_BUNDLE_IDENTIFIER = edu.missouri.AutoLayoutConUITests;
				PRODUCT_NAME = "$(TARGET_NAME)";
				SWIFT_VERSION = 5.0;
				TARGETED_DEVICE_FAMILY = "1,2";
				TEST_TARGET_NAME = AutoLayoutCon;
			};
			name = Release;
		};
/* End XCBuildConfiguration section */

/* Begin XCConfigurationList section */
		738F104D232C9F3F0075E1C8 /* Build configuration list for PBXProject "AutoLayoutCon" */ = {
			isa = XCConfigurationList;
			buildConfigurations = (
				738F1070232C9F3F0075E1C8 /* Debug */,
				738F1071232C9F3F0075E1C8 /* Release */,
			);
			defaultConfigurationIsVisible = 0;
			defaultConfigurationName = Release;
		};
		738F1072232C9F3F0075E1C8 /* Build configuration list for PBXNativeTarget "AutoLayoutCon" */ = {
			isa = XCConfigurationList;
			buildConfigurations = (
				738F1073232C9F3F0075E1C8 /* Debug */,
				738F1074232C9F3F0075E1C8 /* Release */,
			);
			defaultConfigurationIsVisible = 0;
			defaultConfigurationName = Release;
		};
		738F1075232C9F3F0075E1C8 /* Build configuration list for PBXNativeTarget "AutoLayoutConUITests" */ = {
			isa = XCConfigurationList;
			buildConfigurations = (
				738F1076232C9F3F0075E1C8 /* Debug */,
				738F1077232C9F3F0075E1C8 /* Release */,
			);
			defaultConfigurationIsVisible = 0;
			defaultConfigurationName = Release;
		};
/* End XCConfigurationList section */

/* Begin XCVersionGroup section */
		738F105C232C9F3F0075E1C8 /* AutoLayoutCon.xcdatamodeld */ = {
			isa = XCVersionGroup;
			children = (
				738F105D232C9F3F0075E1C8 /* AutoLayoutCon.xcdatamodel */,
			);
			currentVersion = 738F105D232C9F3F0075E1C8 /* AutoLayoutCon.xcdatamodel */;
			path = AutoLayoutCon.xcdatamodeld;
			sourceTree = "<group>";
			versionGroupType = wrapper.xcdatamodel;
		};
/* End XCVersionGroup section */
	};
	rootObject = 738F104A232C9F3F0075E1C8 /* Project object */;
}
